
Microsoft Visual Studio Solution File, Format Version 12.00
# Visual Studio Version 17
VisualStudioVersion = 17.4.33205.214
MinimumVisualStudioVersion = 10.0.40219.1
Project("{FAE04EC0-301F-11D3-BF4B-00C04F79EFBC}") = "MVCProject1", "MVCProject1\MVCProject1.csproj", "{508D87C9-B1C1-4C94-9B9D-C9F0F3AB8739}"
EndProject
Project("{FAE04EC0-301F-11D3-BF4B-00C04F79EFBC}") = "MVCProject1.Models", "MVCProject1.Models\MVCProject1.Models.csproj", "{F7E0AD11-6A18-4172-AD38-535400CEB9CF}"
EndProject
Project("{FAE04EC0-301F-11D3-BF4B-00C04F79EFBC}") = "MVCProject1.DataAccess", "MVCProject1.DataAccess\MVCProject1.DataAccess.csproj", "{FCDF7F1C-031F-4003-B2DB-6720169027F0}"
EndProject
Project("{FAE04EC0-301F-11D3-BF4B-00C04F79EFBC}") = "MVCProject1.Utility", "MVCProject1.Utility\MVCProject1.Utility.csproj", "{3B1FC8D6-21CB-481B-96AA-A76B0481A0E8}"
EndProject
Global
	GlobalSection(SolutionConfigurationPlatforms) = preSolution
		Debug|Any CPU = Debug|Any CPU
		Release|Any CPU = Release|Any CPU
	EndGlobalSection
	GlobalSection(ProjectConfigurationPlatforms) = postSolution
		{508D87C9-B1C1-4C94-9B9D-C9F0F3AB8739}.Debug|Any CPU.ActiveCfg = Debug|Any CPU
		{508D87C9-B1C1-4C94-9B9D-C9F0F3AB8739}.Debug|Any CPU.Build.0 = Debug|Any CPU
		{508D87C9-B1C1-4C94-9B9D-C9F0F3AB8739}.Release|Any CPU.ActiveCfg = Release|Any CPU
		{508D87C9-B1C1-4C94-9B9D-C9F0F3AB8739}.Release|Any CPU.Build.0 = Release|Any CPU
		{F7E0AD11-6A18-4172-AD38-535400CEB9CF}.Debug|Any CPU.ActiveCfg = Debug|Any CPU
		{F7E0AD11-6A18-4172-AD38-535400CEB9CF}.Debug|Any CPU.Build.0 = Debug|Any CPU
		{F7E0AD11-6A18-4172-AD38-535400CEB9CF}.Release|Any CPU.ActiveCfg = Release|Any CPU
		{F7E0AD11-6A18-4172-AD38-535400CEB9CF}.Release|Any CPU.Build.0 = Release|Any CPU
		{FCDF7F1C-031F-4003-B2DB-6720169027F0}.Debug|Any CPU.ActiveCfg = Debug|Any CPU
		{FCDF7F1C-031F-4003-B2DB-6720169027F0}.Debug|Any CPU.Build.0 = Debug|Any CPU
		{FCDF7F1C-031F-4003-B2DB-6720169027F0}.Release|Any CPU.ActiveCfg = Release|Any CPU
		{FCDF7F1C-031F-4003-B2DB-6720169027F0}.Release|Any CPU.Build.0 = Release|Any CPU
		{3B1FC8D6-21CB-481B-96AA-A76B0481A0E8}.Debug|Any CPU.ActiveCfg = Debug|Any CPU
		{3B1FC8D6-21CB-481B-96AA-A76B0481A0E8}.Debug|Any CPU.Build.0 = Debug|Any CPU
		{3B1FC8D6-21CB-481B-96AA-A76B0481A0E8}.Release|Any CPU.ActiveCfg = Release|Any CPU
		{3B1FC8D6-21CB-481B-96AA-A76B0481A0E8}.Release|Any CPU.Build.0 = Release|Any CPU
	EndGlobalSection
	GlobalSection(SolutionProperties) = preSolution
		HideSolutionNode = FALSE
	EndGlobalSection
	GlobalSection(ExtensibilityGlobals) = postSolution
		SolutionGuid = {D42B32CA-F066-474B-B8A3-F840C10C9793}
	EndGlobalSection
EndGlobal
